
Microsoft Visual Studio Solution File, Format Version 12.00
# Visual Studio Version 16
VisualStudioVersion = 16.0.31727.386
MinimumVisualStudioVersion = 10.0.40219.1
Project("{FAE04EC0-301F-11D3-BF4B-00C04F79EFBC}") = "KutuphaneYonetimi1O.MVC", "KutuphaneYonetimi1O.MVC\KutuphaneYonetimi1O.MVC.csproj", "{8EE6B7D5-A896-48E2-966D-0CC87A90EFC7}"
EndProject
Project("{FAE04EC0-301F-11D3-BF4B-00C04F79EFBC}") = "KutuphaneYonetimi1O.Entites", "KutuphaneYonetimi1O.Entites\KutuphaneYonetimi1O.Entites.csproj", "{6BF973B7-227A-4A58-B048-FBDB1E1D7BD2}"
EndProject
Global
	GlobalSection(SolutionConfigurationPlatforms) = preSolution
		Debug|Any CPU = Debug|Any CPU
		Release|Any CPU = Release|Any CPU
	EndGlobalSection
	GlobalSection(ProjectConfigurationPlatforms) = postSolution
		{8EE6B7D5-A896-48E2-966D-0CC87A90EFC7}.Debug|Any CPU.ActiveCfg = Debug|Any CPU
		{8EE6B7D5-A896-48E2-966D-0CC87A90EFC7}.Debug|Any CPU.Build.0 = Debug|Any CPU
		{8EE6B7D5-A896-48E2-966D-0CC87A90EFC7}.Release|Any CPU.ActiveCfg = Release|Any CPU
		{8EE6B7D5-A896-48E2-966D-0CC87A90EFC7}.Release|Any CPU.Build.0 = Release|Any CPU
		{6BF973B7-227A-4A58-B048-FBDB1E1D7BD2}.Debug|Any CPU.ActiveCfg = Debug|Any CPU
		{6BF973B7-227A-4A58-B048-FBDB1E1D7BD2}.Debug|Any CPU.Build.0 = Debug|Any CPU
		{6BF973B7-227A-4A58-B048-FBDB1E1D7BD2}.Release|Any CPU.ActiveCfg = Release|Any CPU
		{6BF973B7-227A-4A58-B048-FBDB1E1D7BD2}.Release|Any CPU.Build.0 = Release|Any CPU
	EndGlobalSection
	GlobalSection(SolutionProperties) = preSolution
		HideSolutionNode = FALSE
	EndGlobalSection
	GlobalSection(ExtensibilityGlobals) = postSolution
		SolutionGuid = {3B96B917-C0D0-4A2E-9B21-BD9376531903}
	EndGlobalSection
EndGlobal
